// !$*UTF8*$!
{
	archiveVersion = 1;
	classes = {
	};
	objectVersion = 50;
	objects = {

/* Begin PBXBuildFile section */
		67511ACF26ABFA5E003EDCAE /* AppDelegate.swift in Sources */ = {isa = PBXBuildFile; fileRef = 67511ACE26ABFA5E003EDCAE /* AppDelegate.swift */; };
		67511AD126ABFA5E003EDCAE /* SceneDelegate.swift in Sources */ = {isa = PBXBuildFile; fileRef = 67511AD026ABFA5E003EDCAE /* SceneDelegate.swift */; };
		67511AD326ABFA5E003EDCAE /* ViewController.swift in Sources */ = {isa = PBXBuildFile; fileRef = 67511AD226ABFA5E003EDCAE /* ViewController.swift */; };
		67511AD626ABFA5E003EDCAE /* Main.storyboard in Resources */ = {isa = PBXBuildFile; fileRef = 67511AD426ABFA5E003EDCAE /* Main.storyboard */; };
		67511AD826ABFA5E003EDCAE /* Assets.xcassets in Resources */ = {isa = PBXBuildFile; fileRef = 67511AD726ABFA5E003EDCAE /* Assets.xcassets */; };
		67511ADB26ABFA5E003EDCAE /* LaunchScreen.storyboard in Resources */ = {isa = PBXBuildFile; fileRef = 67511AD926ABFA5E003EDCAE /* LaunchScreen.storyboard */; };
/* End PBXBuildFile section */

/* Begin PBXFileReference section */
		67511ACB26ABFA5E003EDCAE /* 考核二.app */ = {isa = PBXFileReference; explicitFileType = wrapper.application; includeInIndex = 0; path = "考核二.app"; sourceTree = BUILT_PRODUCTS_DIR; };
		67511ACE26ABFA5E003EDCAE /* AppDelegate.swift */ = {isa = PBXFileReference; lastKnownFileType = sourcecode.swift; path = AppDelegate.swift; sourceTree = "<group>"; };
		67511AD026ABFA5E003EDCAE /* SceneDelegate.swift */ = {isa = PBXFileReference; lastKnownFileType = sourcecode.swift; path = SceneDelegate.swift; sourceTree = "<group>"; };
		67511AD226ABFA5E003EDCAE /* ViewController.swift */ = {isa = PBXFileReference; lastKnownFileType = sourcecode.swift; path = ViewController.swift; sourceTree = "<group>"; };
		67511AD526ABFA5E003EDCAE /* Base */ = {isa = PBXFileReference; lastKnownFileType = file.storyboard; name = Base; path = Base.lproj/Main.storyboard; sourceTree = "<group>"; };
		67511AD726ABFA5E003EDCAE /* Assets.xcassets */ = {isa = PBXFileReference; lastKnownFileType = folder.assetcatalog; path = Assets.xcassets; sourceTree = "<group>"; };
		67511ADA26ABFA5E003EDCAE /* Base */ = {isa = PBXFileReference; lastKnownFileType = file.storyboard; name = Base; path = Base.lproj/LaunchScreen.storyboard; sourceTree = "<group>"; };
		67511ADC26ABFA5E003EDCAE /* Info.plist */ = {isa = PBXFileReference; lastKnownFileType = text.plist.xml; path = Info.plist; sourceTree = "<group>"; };
/* End PBXFileReference section */

/* Begin PBXFrameworksBuildPhase section */
		67511AC826ABFA5E003EDCAE /* Frameworks */ = {
			isa = PBXFrameworksBuildPhase;
			buildActionMask = 2147483647;
			files = (
			);
			runOnlyForDeploymentPostprocessing = 0;
		};
/* End PBXFrameworksBuildPhase section */

/* Begin PBXGroup section */
		67511AC226ABFA5E003EDCAE = {
			isa = PBXGroup;
			children = (
				67511ACD26ABFA5E003EDCAE /* 考核二 */,
				67511ACC26ABFA5E003EDCAE /* Products */,
			);
			sourceTree = "<group>";
		};
		67511ACC26ABFA5E003EDCAE /* Products */ = {
			isa = PBXGroup;
			children = (
				67511ACB26ABFA5E003EDCAE /* 考核二.app */,
			);
			name = Products;
			sourceTree = "<group>";
		};
		67511ACD26ABFA5E003EDCAE /* 考核二 */ = {
			isa = PBXGroup;
			children = (
				67511ACE26ABFA5E003EDCAE /* AppDelegate.swift */,
				67511AD026ABFA5E003EDCAE /* SceneDelegate.swift */,
				67511AD226ABFA5E003EDCAE /* ViewController.swift */,
				67511AD426ABFA5E003EDCAE /* Main.storyboard */,
				67511AD726ABFA5E003EDCAE /* Assets.xcassets */,
				67511AD926ABFA5E003EDCAE /* LaunchScreen.storyboard */,
				67511ADC26ABFA5E003EDCAE /* Info.plist */,
			);
			path = "考核二";
			sourceTree = "<group>";
		};
/* End PBXGroup section */

/* Begin PBXNativeTarget section */
		67511ACA26ABFA5E003EDCAE /* 考核二 */ = {
			isa = PBXNativeTarget;
			buildConfigurationList = 67511ADF26ABFA5E003EDCAE /* Build configuration list for PBXNativeTarget "考核二" */;
			buildPhases = (
				67511AC726ABFA5E003EDCAE /* Sources */,
				67511AC826ABFA5E003EDCAE /* Frameworks */,
				67511AC926ABFA5E003EDCAE /* Resources */,
			);
			buildRules = (
			);
			dependencies = (
			);
			name = "考核二";
			productName = "考核二";
			productReference = 67511ACB26ABFA5E003EDCAE /* 考核二.app */;
			productType = "com.apple.product-type.application";
		};
/* End PBXNativeTarget section */

/* Begin PBXProject section */
		67511AC326ABFA5E003EDCAE /* Project object */ = {
			isa = PBXProject;
			attributes = {
				LastSwiftUpdateCheck = 1250;
				LastUpgradeCheck = 1250;
				TargetAttributes = {
					67511ACA26ABFA5E003EDCAE = {
						CreatedOnToolsVersion = 12.5.1;
					};
				};
			};
			buildConfigurationList = 67511AC626ABFA5E003EDCAE /* Build configuration list for PBXProject "考核二" */;
			compatibilityVersion = "Xcode 9.3";
			developmentRegion = en;
			hasScannedForEncodings = 0;
			knownRegions = (
				en,
				Base,
			);
			mainGroup = 67511AC226ABFA5E003EDCAE;
			productRefGroup = 67511ACC26ABFA5E003EDCAE /* Products */;
			projectDirPath = "";
			projectRoot = "";
			targets = (
				67511ACA26ABFA5E003EDCAE /* 考核二 */,
			);
		};
/* End PBXProject section */

/* Begin PBXResourcesBuildPhase section */
		67511AC926ABFA5E003EDCAE /* Resources */ = {
			isa = PBXResourcesBuildPhase;
			buildActionMask = 2147483647;
			files = (
				67511ADB26ABFA5E003EDCAE /* LaunchScreen.storyboard in Resources */,
				67511AD826ABFA5E003EDCAE /* Assets.xcassets in Resources */,
				67511AD626ABFA5E003EDCAE /* Main.storyboard in Resources */,
			);
			runOnlyForDeploymentPostprocessing = 0;
		};
/* End PBXResourcesBuildPhase section */

/* Begin PBXSourcesBuildPhase section */
		67511AC726ABFA5E003EDCAE /* Sources */ = {
			isa = PBXSourcesBuildPhase;
			buildActionMask = 2147483647;
			files = (
				67511AD326ABFA5E003EDCAE /* ViewController.swift in Sources */,
				67511ACF26ABFA5E003EDCAE /* AppDelegate.swift in Sources */,
				67511AD126ABFA5E003EDCAE /* SceneDelegate.swift in Sources */,
			);
			runOnlyForDeploymentPostprocessing = 0;
		};
/* End PBXSourcesBuildPhase section */

/* Begin PBXVariantGroup section */
		67511AD426ABFA5E003EDCAE /* Main.storyboard */ = {
			isa = PBXVariantGroup;
			children = (
				67511AD526ABFA5E003EDCAE /* Base */,
			);
			name = Main.storyboard;
			sourceTree = "<group>";
		};
		67511AD926ABFA5E003EDCAE /* LaunchScreen.storyboard */ = {
			isa = PBXVariantGroup;
			children = (
				67511ADA26ABFA5E003EDCAE /* Base */,
			);
			name = LaunchScreen.storyboard;
			sourceTree = "<group>";
		};
/* End PBXVariantGroup section */

/* Begin XCBuildConfiguration section */
		67511ADD26ABFA5E003EDCAE /* Debug */ = {
			isa = XCBuildConfiguration;
			buildSettings = {
				ALWAYS_SEARCH_USER_PATHS = NO;
				CLANG_ANALYZER_NONNULL = YES;
				CLANG_ANALYZER_NUMBER_OBJECT_CONVERSION = YES_AGGRESSIVE;
				CLANG_CXX_LANGUAGE_STANDARD = "gnu++14";
				CLANG_CXX_LIBRARY = "libc++";
				CLANG_ENABLE_MODULES = YES;
				CLANG_ENABLE_OBJC_ARC = YES;
				CLANG_ENABLE_OBJC_WEAK = YES;
				CLANG_WARN_BLOCK_CAPTURE_AUTORELEASING = YES;
				CLANG_WARN_BOOL_CONVERSION = YES;
				CLANG_WARN_COMMA = YES;
				CLANG_WARN_CONSTANT_CONVERSION = YES;
				CLANG_WARN_DEPRECATED_OBJC_IMPLEMENTATIONS = YES;
				CLANG_WARN_DIRECT_OBJC_ISA_USAGE = YES_ERROR;
				CLANG_WARN_DOCUMENTATION_COMMENTS = YES;
				CLANG_WARN_EMPTY_BODY = YES;
				CLANG_WARN_ENUM_CONVERSION = YES;
				CLANG_WARN_INFINITE_RECURSION = YES;
				CLANG_WARN_INT_CONVERSION = YES;
				CLANG_WARN_NON_LITERAL_NULL_CONVERSION = YES;
				CLANG_WARN_OBJC_IMPLICIT_RETAIN_SELF = YES;
				CLANG_WARN_OBJC_LITERAL_CONVERSION = YES;
				CLANG_WARN_OBJC_ROOT_CLASS = YES_ERROR;
				CLANG_WARN_QUOTED_INCLUDE_IN_FRAMEWORK_HEADER = YES;
				CLANG_WARN_RANGE_LOOP_ANALYSIS = YES;
				CLANG_WARN_STRICT_PROTOTYPES = YES;
				CLANG_WARN_SUSPICIOUS_MOVE = YES;
				CLANG_WARN_UNGUARDED_AVAILABILITY = YES_AGGRESSIVE;
				CLANG_WARN_UNREACHABLE_CODE = YES;
				CLANG_WARN__DUPLICATE_METHOD_MATCH = YES;
				COPY_PHASE_STRIP = NO;
				DEBUG_INFORMATION_FORMAT = dwarf;
				ENABLE_STRICT_OBJC_MSGSEND = YES;
				ENABLE_TESTABILITY = YES;
				GCC_C_LANGUAGE_STANDARD = gnu11;
				GCC_DYNAMIC_NO_PIC = NO;
				GCC_NO_COMMON_BLOCKS = YES;
				GCC_OPTIMIZATION_LEVEL = 0;
				GCC_PREPROCESSOR_DEFINITIONS = (
					"DEBUG=1",
					"$(inherited)",
				);
				GCC_WARN_64_TO_32_BIT_CONVERSION = YES;
				GCC_WARN_ABOUT_RETURN_TYPE = YES_ERROR;
				GCC_WARN_UNDECLARED_SELECTOR = YES;
				GCC_WARN_UNINITIALIZED_AUTOS = YES_AGGRESSIVE;
				GCC_WARN_UNUSED_FUNCTION = YES;
				GCC_WARN_UNUSED_VARIABLE = YES;
				IPHONEOS_DEPLOYMENT_TARGET = 14.5;
				MTL_ENABLE_DEBUG_INFO = INCLUDE_SOURCE;
				MTL_FAST_MATH = YES;
				ONLY_ACTIVE_ARCH = YES;
				SDKROOT = iphoneos;
				SWIFT_ACTIVE_COMPILATION_CONDITIONS = DEBUG;
				SWIFT_OPTIMIZATION_LEVEL = "-Onone";
			};
			name = Debug;
		};
		67511ADE26ABFA5E003EDCAE /* Release */ = {
			isa = XCBuildConfiguration;
			buildSettings = {
				ALWAYS_SEARCH_USER_PATHS = NO;
				CLANG_ANALYZER_NONNULL = YES;
				CLANG_ANALYZER_NUMBER_OBJECT_CONVERSION = YES_AGGRESSIVE;
				CLANG_CXX_LANGUAGE_STANDARD = "gnu++14";
				CLANG_CXX_LIBRARY = "libc++";
				CLANG_ENABLE_MODULES = YES;
				CLANG_ENABLE_OBJC_ARC = YES;
				CLANG_ENABLE_OBJC_WEAK = YES;
				CLANG_WARN_BLOCK_CAPTURE_AUTORELEASING = YES;
				CLANG_WARN_BOOL_CONVERSION = YES;
				CLANG_WARN_COMMA = YES;
				CLANG_WARN_CONSTANT_CONVERSION = YES;
				CLANG_WARN_DEPRECATED_OBJC_IMPLEMENTATIONS = YES;
				CLANG_WARN_DIRECT_OBJC_ISA_USAGE = YES_ERROR;
				CLANG_WARN_DOCUMENTATION_COMMENTS = YES;
				CLANG_WARN_EMPTY_BODY = YES;
				CLANG_WARN_ENUM_CONVERSION = YES;
				CLANG_WARN_INFINITE_RECURSION = YES;
				CLANG_WARN_INT_CONVERSION = YES;
				CLANG_WARN_NON_LITERAL_NULL_CONVERSION = YES;
				CLANG_WARN_OBJC_IMPLICIT_RETAIN_SELF = YES;
				CLANG_WARN_OBJC_LITERAL_CONVERSION = YES;
				CLANG_WARN_OBJC_ROOT_CLASS = YES_ERROR;
				CLANG_WARN_QUOTED_INCLUDE_IN_FRAMEWORK_HEADER = YES;
				CLANG_WARN_RANGE_LOOP_ANALYSIS = YES;
				CLANG_WARN_STRICT_PROTOTYPES = YES;
				CLANG_WARN_SUSPICIOUS_MOVE = YES;
				CLANG_WARN_UNGUARDED_AVAILABILITY = YES_AGGRESSIVE;
				CLANG_WARN_UNREACHABLE_CODE = YES;
				CLANG_WARN__DUPLICATE_METHOD_MATCH = YES;
				COPY_PHASE_STRIP = NO;
				DEBUG_INFORMATION_FORMAT = "dwarf-with-dsym";
				ENABLE_NS_ASSERTIONS = NO;
				ENABLE_STRICT_OBJC_MSGSEND = YES;
				GCC_C_LANGUAGE_STANDARD = gnu11;
				GCC_NO_COMMON_BLOCKS = YES;
				GCC_WARN_64_TO_32_BIT_CONVERSION = YES;
				GCC_WARN_ABOUT_RETURN_TYPE = YES_ERROR;
				GCC_WARN_UNDECLARED_SELECTOR = YES;
				GCC_WARN_UNINITIALIZED_AUTOS = YES_AGGRESSIVE;
				GCC_WARN_UNUSED_FUNCTION = YES;
				GCC_WARN_UNUSED_VARIABLE = YES;
				IPHONEOS_DEPLOYMENT_TARGET = 14.5;
				MTL_ENABLE_DEBUG_INFO = NO;
				MTL_FAST_MATH = YES;
				SDKROOT = iphoneos;
				SWIFT_COMPILATION_MODE = wholemodule;
				SWIFT_OPTIMIZATION_LEVEL = "-O";
				VALIDATE_PRODUCT = YES;
			};
			name = Release;
		};
		67511AE026ABFA5E003EDCAE /* Debug */ = {
			isa = XCBuildConfiguration;
			buildSettings = {
				ASSETCATALOG_COMPILER_APPICON_NAME = AppIcon;
				ASSETCATALOG_COMPILER_GLOBAL_ACCENT_COLOR_NAME = AccentColor;
				CODE_SIGN_STYLE = Automatic;
				DEVELOPMENT_TEAM = WBZ3547R4B;
				INFOPLIST_FILE = "考核二/Info.plist";
				LD_RUNPATH_SEARCH_PATHS = (
					"$(inherited)",
					"@executable_path/Frameworks",
				);
				PRODUCT_BUNDLE_IDENTIFIER = "GC.---";
				PRODUCT_NAME = "$(TARGET_NAME)";
				SWIFT_VERSION = 5.0;
				TARGETED_DEVICE_FAMILY = "1,2";
			};
			name = Debug;
		};
		67511AE126ABFA5E003EDCAE /* Release */ = {
			isa = XCBuildConfiguration;
			buildSettings = {
				ASSETCATALOG_COMPILER_APPICON_NAME = AppIcon;
				ASSETCATALOG_COMPILER_GLOBAL_ACCENT_COLOR_NAME = AccentColor;
				CODE_SIGN_STYLE = Automatic;
				DEVELOPMENT_TEAM = WBZ3547R4B;
				INFOPLIST_FILE = "考核二/Info.plist";
				LD_RUNPATH_SEARCH_PATHS = (
					"$(inherited)",
					"@executable_path/Frameworks",
				);
				PRODUCT_BUNDLE_IDENTIFIER = "GC.---";
				PRODUCT_NAME = "$(TARGET_NAME)";
				SWIFT_VERSION = 5.0;
				TARGETED_DEVICE_FAMILY = "1,2";
			};
			name = Release;
		};
/* End XCBuildConfiguration section */

/* Begin XCConfigurationList section */
		67511AC626ABFA5E003EDCAE /* Build configuration list for PBXProject "考核二" */ = {
			isa = XCConfigurationList;
			buildConfigurations = (
				67511ADD26ABFA5E003EDCAE /* Debug */,
				67511ADE26ABFA5E003EDCAE /* Release */,
			);
			defaultConfigurationIsVisible = 0;
			defaultConfigurationName = Release;
		};
		67511ADF26ABFA5E003EDCAE /* Build configuration list for PBXNativeTarget "考核二" */ = {
			isa = XCConfigurationList;
			buildConfigurations = (
				67511AE026ABFA5E003EDCAE /* Debug */,
				67511AE126ABFA5E003EDCAE /* Release */,
			);
			defaultConfigurationIsVisible = 0;
			defaultConfigurationName = Release;
		};
/* End XCConfigurationList section */
	};
	rootObject = 67511AC326ABFA5E003EDCAE /* Project object */;
}
